{
  "name": "codex-process-jobs",
  "version": "0.1.0",
  "lockfileVersion": 3,
  "requires": true,
  "packages": {
    "": {
      "name": "codex-process-jobs",
      "version": "0.1.0",
      "license": "Apache-2.0",
      "bin": {
        "codex-process-jobs": "scripts/job.mjs"
      },
      "engines": {
        "node": ">=18"
      }
    }
  }
}
